// !$*UTF8*$!
{
	archiveVersion = 1;
	classes = {
	};
	objectVersion = 50;
	objects = {

/* Begin PBXBuildFile section */
		8A476C5F25E3631200A5BDFD /* AppDelegate.swift in Sources */ = {isa = PBXBuildFile; fileRef = 8A476C5E25E3631200A5BDFD /* AppDelegate.swift */; };
		8A476C6125E3631200A5BDFD /* SceneDelegate.swift in Sources */ = {isa = PBXBuildFile; fileRef = 8A476C6025E3631200A5BDFD /* SceneDelegate.swift */; };
		8A476C6325E3631200A5BDFD /* ContentView.swift in Sources */ = {isa = PBXBuildFile; fileRef = 8A476C6225E3631200A5BDFD /* ContentView.swift */; };
		8A476C6525E3631400A5BDFD /* Assets.xcassets in Resources */ = {isa = PBXBuildFile; fileRef = 8A476C6425E3631400A5BDFD /* Assets.xcassets */; };
		8A476C6825E3631400A5BDFD /* Preview Assets.xcassets in Resources */ = {isa = PBXBuildFile; fileRef = 8A476C6725E3631400A5BDFD /* Preview Assets.xcassets */; };
		8A476C6B25E3631400A5BDFD /* LaunchScreen.storyboard in Resources */ = {isa = PBXBuildFile; fileRef = 8A476C6925E3631400A5BDFD /* LaunchScreen.storyboard */; };
		8A476C7325E363BB00A5BDFD /* MemoryGame.swift in Sources */ = {isa = PBXBuildFile; fileRef = 8A476C7225E363BB00A5BDFD /* MemoryGame.swift */; };
		8A476C7525E3640200A5BDFD /* EmojiMemoryGame.swift in Sources */ = {isa = PBXBuildFile; fileRef = 8A476C7425E3640200A5BDFD /* EmojiMemoryGame.swift */; };
/* End PBXBuildFile section */

/* Begin PBXFileReference section */
		8A476C5B25E3631200A5BDFD /* cs193p2.app */ = {isa = PBXFileReference; explicitFileType = wrapper.application; includeInIndex = 0; path = cs193p2.app; sourceTree = BUILT_PRODUCTS_DIR; };
		8A476C5E25E3631200A5BDFD /* AppDelegate.swift */ = {isa = PBXFileReference; lastKnownFileType = sourcecode.swift; path = AppDelegate.swift; sourceTree = "<group>"; };
		8A476C6025E3631200A5BDFD /* SceneDelegate.swift */ = {isa = PBXFileReference; lastKnownFileType = sourcecode.swift; path = SceneDelegate.swift; sourceTree = "<group>"; };
		8A476C6225E3631200A5BDFD /* ContentView.swift */ = {isa = PBXFileReference; lastKnownFileType = sourcecode.swift; path = ContentView.swift; sourceTree = "<group>"; };
		8A476C6425E3631400A5BDFD /* Assets.xcassets */ = {isa = PBXFileReference; lastKnownFileType = folder.assetcatalog; path = Assets.xcassets; sourceTree = "<group>"; };
		8A476C6725E3631400A5BDFD /* Preview Assets.xcassets */ = {isa = PBXFileReference; lastKnownFileType = folder.assetcatalog; path = "Preview Assets.xcassets"; sourceTree = "<group>"; };
		8A476C6A25E3631400A5BDFD /* Base */ = {isa = PBXFileReference; lastKnownFileType = file.storyboard; name = Base; path = Base.lproj/LaunchScreen.storyboard; sourceTree = "<group>"; };
		8A476C6C25E3631400A5BDFD /* Info.plist */ = {isa = PBXFileReference; lastKnownFileType = text.plist.xml; path = Info.plist; sourceTree = "<group>"; };
		8A476C7225E363BB00A5BDFD /* MemoryGame.swift */ = {isa = PBXFileReference; lastKnownFileType = sourcecode.swift; path = MemoryGame.swift; sourceTree = "<group>"; };
		8A476C7425E3640200A5BDFD /* EmojiMemoryGame.swift */ = {isa = PBXFileReference; lastKnownFileType = sourcecode.swift; path = EmojiMemoryGame.swift; sourceTree = "<group>"; };
/* End PBXFileReference section */

/* Begin PBXFrameworksBuildPhase section */
		8A476C5825E3631200A5BDFD /* Frameworks */ = {
			isa = PBXFrameworksBuildPhase;
			buildActionMask = 2147483647;
			files = (
			);
			runOnlyForDeploymentPostprocessing = 0;
		};
/* End PBXFrameworksBuildPhase section */

/* Begin PBXGroup section */
		8A476C5225E3631200A5BDFD = {
			isa = PBXGroup;
			children = (
				8A476C5D25E3631200A5BDFD /* cs193p2 */,
				8A476C5C25E3631200A5BDFD /* Products */,
			);
			sourceTree = "<group>";
		};
		8A476C5C25E3631200A5BDFD /* Products */ = {
			isa = PBXGroup;
			children = (
				8A476C5B25E3631200A5BDFD /* cs193p2.app */,
			);
			name = Products;
			sourceTree = "<group>";
		};
		8A476C5D25E3631200A5BDFD /* cs193p2 */ = {
			isa = PBXGroup;
			children = (
				8A476C5E25E3631200A5BDFD /* AppDelegate.swift */,
				8A476C6025E3631200A5BDFD /* SceneDelegate.swift */,
				8A476C6225E3631200A5BDFD /* ContentView.swift */,
				8A476C7225E363BB00A5BDFD /* MemoryGame.swift */,
				8A476C7425E3640200A5BDFD /* EmojiMemoryGame.swift */,
				8A476C6425E3631400A5BDFD /* Assets.xcassets */,
				8A476C6925E3631400A5BDFD /* LaunchScreen.storyboard */,
				8A476C6C25E3631400A5BDFD /* Info.plist */,
				8A476C6625E3631400A5BDFD /* Preview Content */,
			);
			path = cs193p2;
			sourceTree = "<group>";
		};
		8A476C6625E3631400A5BDFD /* Preview Content */ = {
			isa = PBXGroup;
			children = (
				8A476C6725E3631400A5BDFD /* Preview Assets.xcassets */,
			);
			path = "Preview Content";
			sourceTree = "<group>";
		};
/* End PBXGroup section */

/* Begin PBXNativeTarget section */
		8A476C5A25E3631200A5BDFD /* cs193p2 */ = {
			isa = PBXNativeTarget;
			buildConfigurationList = 8A476C6F25E3631400A5BDFD /* Build configuration list for PBXNativeTarget "cs193p2" */;
			buildPhases = (
				8A476C5725E3631200A5BDFD /* Sources */,
				8A476C5825E3631200A5BDFD /* Frameworks */,
				8A476C5925E3631200A5BDFD /* Resources */,
			);
			buildRules = (
			);
			dependencies = (
			);
			name = cs193p2;
			productName = cs193p2;
			productReference = 8A476C5B25E3631200A5BDFD /* cs193p2.app */;
			productType = "com.apple.product-type.application";
		};
/* End PBXNativeTarget section */

/* Begin PBXProject section */
		8A476C5325E3631200A5BDFD /* Project object */ = {
			isa = PBXProject;
			attributes = {
				LastSwiftUpdateCheck = 1140;
				LastUpgradeCheck = 1140;
				ORGANIZATIONNAME = "諸田紘一";
				TargetAttributes = {
					8A476C5A25E3631200A5BDFD = {
						CreatedOnToolsVersion = 11.4;
					};
				};
			};
			buildConfigurationList = 8A476C5625E3631200A5BDFD /* Build configuration list for PBXProject "cs193p2" */;
			compatibilityVersion = "Xcode 9.3";
			developmentRegion = en;
			hasScannedForEncodings = 0;
			knownRegions = (
				en,
				Base,
			);
			mainGroup = 8A476C5225E3631200A5BDFD;
			productRefGroup = 8A476C5C25E3631200A5BDFD /* Products */;
			projectDirPath = "";
			projectRoot = "";
			targets = (
				8A476C5A25E3631200A5BDFD /* cs193p2 */,
			);
		};
/* End PBXProject section */

/* Begin PBXResourcesBuildPhase section */
		8A476C5925E3631200A5BDFD /* Resources */ = {
			isa = PBXResourcesBuildPhase;
			buildActionMask = 2147483647;
			files = (
				8A476C6B25E3631400A5BDFD /* LaunchScreen.storyboard in Resources */,
				8A476C6825E3631400A5BDFD /* Preview Assets.xcassets in Resources */,
				8A476C6525E3631400A5BDFD /* Assets.xcassets in Resources */,
			);
			runOnlyForDeploymentPostprocessing = 0;
		};
/* End PBXResourcesBuildPhase section */

/* Begin PBXSourcesBuildPhase section */
		8A476C5725E3631200A5BDFD /* Sources */ = {
			isa = PBXSourcesBuildPhase;
			buildActionMask = 2147483647;
			files = (
				8A476C5F25E3631200A5BDFD /* AppDelegate.swift in Sources */,
				8A476C6125E3631200A5BDFD /* SceneDelegate.swift in Sources */,
				8A476C7325E363BB00A5BDFD /* MemoryGame.swift in Sources */,
				8A476C6325E3631200A5BDFD /* ContentView.swift in Sources */,
				8A476C7525E3640200A5BDFD /* EmojiMemoryGame.swift in Sources */,
			);
			runOnlyForDeploymentPostprocessing = 0;
		};
/* End PBXSourcesBuildPhase section */

/* Begin PBXVariantGroup section */
		8A476C6925E3631400A5BDFD /* LaunchScreen.storyboard */ = {
			isa = PBXVariantGroup;
			children = (
				8A476C6A25E3631400A5BDFD /* Base */,
			);
			name = LaunchScreen.storyboard;
			sourceTree = "<group>";
		};
/* End PBXVariantGroup section */

/* Begin XCBuildConfiguration section */
		8A476C6D25E3631400A5BDFD /* Debug */ = {
			isa = XCBuildConfiguration;
			buildSettings = {
				ALWAYS_SEARCH_USER_PATHS = NO;
				CLANG_ANALYZER_NONNULL = YES;
				CLANG_ANALYZER_NUMBER_OBJECT_CONVERSION = YES_AGGRESSIVE;
				CLANG_CXX_LANGUAGE_STANDARD = "gnu++14";
				CLANG_CXX_LIBRARY = "libc++";
				CLANG_ENABLE_MODULES = YES;
				CLANG_ENABLE_OBJC_ARC = YES;
				CLANG_ENABLE_OBJC_WEAK = YES;
				CLANG_WARN_BLOCK_CAPTURE_AUTORELEASING = YES;
				CLANG_WARN_BOOL_CONVERSION = YES;
				CLANG_WARN_COMMA = YES;
				CLANG_WARN_CONSTANT_CONVERSION = YES;
				CLANG_WARN_DEPRECATED_OBJC_IMPLEMENTATIONS = YES;
				CLANG_WARN_DIRECT_OBJC_ISA_USAGE = YES_ERROR;
				CLANG_WARN_DOCUMENTATION_COMMENTS = YES;
				CLANG_WARN_EMPTY_BODY = YES;
				CLANG_WARN_ENUM_CONVERSION = YES;
				CLANG_WARN_INFINITE_RECURSION = YES;
				CLANG_WARN_INT_CONVERSION = YES;
				CLANG_WARN_NON_LITERAL_NULL_CONVERSION = YES;
				CLANG_WARN_OBJC_IMPLICIT_RETAIN_SELF = YES;
				CLANG_WARN_OBJC_LITERAL_CONVERSION = YES;
				CLANG_WARN_OBJC_ROOT_CLASS = YES_ERROR;
				CLANG_WARN_RANGE_LOOP_ANALYSIS = YES;
				CLANG_WARN_STRICT_PROTOTYPES = YES;
				CLANG_WARN_SUSPICIOUS_MOVE = YES;
				CLANG_WARN_UNGUARDED_AVAILABILITY = YES_AGGRESSIVE;
				CLANG_WARN_UNREACHABLE_CODE = YES;
				CLANG_WARN__DUPLICATE_METHOD_MATCH = YES;
				COPY_PHASE_STRIP = NO;
				DEBUG_INFORMATION_FORMAT = dwarf;
				ENABLE_STRICT_OBJC_MSGSEND = YES;
				ENABLE_TESTABILITY = YES;
				GCC_C_LANGUAGE_STANDARD = gnu11;
				GCC_DYNAMIC_NO_PIC = NO;
				GCC_NO_COMMON_BLOCKS = YES;
				GCC_OPTIMIZATION_LEVEL = 0;
				GCC_PREPROCESSOR_DEFINITIONS = (
					"DEBUG=1",
					"$(inherited)",
				);
				GCC_WARN_64_TO_32_BIT_CONVERSION = YES;
				GCC_WARN_ABOUT_RETURN_TYPE = YES_ERROR;
				GCC_WARN_UNDECLARED_SELECTOR = YES;
				GCC_WARN_UNINITIALIZED_AUTOS = YES_AGGRESSIVE;
				GCC_WARN_UNUSED_FUNCTION = YES;
				GCC_WARN_UNUSED_VARIABLE = YES;
				IPHONEOS_DEPLOYMENT_TARGET = 13.4;
				MTL_ENABLE_DEBUG_INFO = INCLUDE_SOURCE;
				MTL_FAST_MATH = YES;
				ONLY_ACTIVE_ARCH = YES;
				SDKROOT = iphoneos;
				SWIFT_ACTIVE_COMPILATION_CONDITIONS = DEBUG;
				SWIFT_OPTIMIZATION_LEVEL = "-Onone";
			};
			name = Debug;
		};
		8A476C6E25E3631400A5BDFD /* Release */ = {
			isa = XCBuildConfiguration;
			buildSettings = {
				ALWAYS_SEARCH_USER_PATHS = NO;
				CLANG_ANALYZER_NONNULL = YES;
				CLANG_ANALYZER_NUMBER_OBJECT_CONVERSION = YES_AGGRESSIVE;
				CLANG_CXX_LANGUAGE_STANDARD = "gnu++14";
				CLANG_CXX_LIBRARY = "libc++";
				CLANG_ENABLE_MODULES = YES;
				CLANG_ENABLE_OBJC_ARC = YES;
				CLANG_ENABLE_OBJC_WEAK = YES;
				CLANG_WARN_BLOCK_CAPTURE_AUTORELEASING = YES;
				CLANG_WARN_BOOL_CONVERSION = YES;
				CLANG_WARN_COMMA = YES;
				CLANG_WARN_CONSTANT_CONVERSION = YES;
				CLANG_WARN_DEPRECATED_OBJC_IMPLEMENTATIONS = YES;
				CLANG_WARN_DIRECT_OBJC_ISA_USAGE = YES_ERROR;
				CLANG_WARN_DOCUMENTATION_COMMENTS = YES;
				CLANG_WARN_EMPTY_BODY = YES;
				CLANG_WARN_ENUM_CONVERSION = YES;
				CLANG_WARN_INFINITE_RECURSION = YES;
				CLANG_WARN_INT_CONVERSION = YES;
				CLANG_WARN_NON_LITERAL_NULL_CONVERSION = YES;
				CLANG_WARN_OBJC_IMPLICIT_RETAIN_SELF = YES;
				CLANG_WARN_OBJC_LITERAL_CONVERSION = YES;
				CLANG_WARN_OBJC_ROOT_CLASS = YES_ERROR;
				CLANG_WARN_RANGE_LOOP_ANALYSIS = YES;
				CLANG_WARN_STRICT_PROTOTYPES = YES;
				CLANG_WARN_SUSPICIOUS_MOVE = YES;
				CLANG_WARN_UNGUARDED_AVAILABILITY = YES_AGGRESSIVE;
				CLANG_WARN_UNREACHABLE_CODE = YES;
				CLANG_WARN__DUPLICATE_METHOD_MATCH = YES;
				COPY_PHASE_STRIP = NO;
				DEBUG_INFORMATION_FORMAT = "dwarf-with-dsym";
				ENABLE_NS_ASSERTIONS = NO;
				ENABLE_STRICT_OBJC_MSGSEND = YES;
				GCC_C_LANGUAGE_STANDARD = gnu11;
				GCC_NO_COMMON_BLOCKS = YES;
				GCC_WARN_64_TO_32_BIT_CONVERSION = YES;
				GCC_WARN_ABOUT_RETURN_TYPE = YES_ERROR;
				GCC_WARN_UNDECLARED_SELECTOR = YES;
				GCC_WARN_UNINITIALIZED_AUTOS = YES_AGGRESSIVE;
				GCC_WARN_UNUSED_FUNCTION = YES;
				GCC_WARN_UNUSED_VARIABLE = YES;
				IPHONEOS_DEPLOYMENT_TARGET = 13.4;
				MTL_ENABLE_DEBUG_INFO = NO;
				MTL_FAST_MATH = YES;
				SDKROOT = iphoneos;
				SWIFT_COMPILATION_MODE = wholemodule;
				SWIFT_OPTIMIZATION_LEVEL = "-O";
				VALIDATE_PRODUCT = YES;
			};
			name = Release;
		};
		8A476C7025E3631400A5BDFD /* Debug */ = {
			isa = XCBuildConfiguration;
			buildSettings = {
				ASSETCATALOG_COMPILER_APPICON_NAME = AppIcon;
				CODE_SIGN_STYLE = Automatic;
				DEVELOPMENT_ASSET_PATHS = "\"cs193p2/Preview Content\"";
				DEVELOPMENT_TEAM = 74GF8TJB7Z;
				ENABLE_PREVIEWS = YES;
				INFOPLIST_FILE = cs193p2/Info.plist;
				LD_RUNPATH_SEARCH_PATHS = (
					"$(inherited)",
					"@executable_path/Frameworks",
				);
				PRODUCT_BUNDLE_IDENTIFIER = Memorize.cs193p2;
				PRODUCT_NAME = "$(TARGET_NAME)";
				SWIFT_VERSION = 5.0;
				TARGETED_DEVICE_FAMILY = "1,2";
			};
			name = Debug;
		};
		8A476C7125E3631400A5BDFD /* Release */ = {
			isa = XCBuildConfiguration;
			buildSettings = {
				ASSETCATALOG_COMPILER_APPICON_NAME = AppIcon;
				CODE_SIGN_STYLE = Automatic;
				DEVELOPMENT_ASSET_PATHS = "\"cs193p2/Preview Content\"";
				DEVELOPMENT_TEAM = 74GF8TJB7Z;
				ENABLE_PREVIEWS = YES;
				INFOPLIST_FILE = cs193p2/Info.plist;
				LD_RUNPATH_SEARCH_PATHS = (
					"$(inherited)",
					"@executable_path/Frameworks",
				);
				PRODUCT_BUNDLE_IDENTIFIER = Memorize.cs193p2;
				PRODUCT_NAME = "$(TARGET_NAME)";
				SWIFT_VERSION = 5.0;
				TARGETED_DEVICE_FAMILY = "1,2";
			};
			name = Release;
		};
/* End XCBuildConfiguration section */

/* Begin XCConfigurationList section */
		8A476C5625E3631200A5BDFD /* Build configuration list for PBXProject "cs193p2" */ = {
			isa = XCConfigurationList;
			buildConfigurations = (
				8A476C6D25E3631400A5BDFD /* Debug */,
				8A476C6E25E3631400A5BDFD /* Release */,
			);
			defaultConfigurationIsVisible = 0;
			defaultConfigurationName = Release;
		};
		8A476C6F25E3631400A5BDFD /* Build configuration list for PBXNativeTarget "cs193p2" */ = {
			isa = XCConfigurationList;
			buildConfigurations = (
				8A476C7025E3631400A5BDFD /* Debug */,
				8A476C7125E3631400A5BDFD /* Release */,
			);
			defaultConfigurationIsVisible = 0;
			defaultConfigurationName = Release;
		};
/* End XCConfigurationList section */
	};
	rootObject = 8A476C5325E3631200A5BDFD /* Project object */;
}
